
Microsoft Visual Studio Solution File, Format Version 12.00
# Visual Studio Version 16
VisualStudioVersion = 16.0.30907.101
MinimumVisualStudioVersion = 10.0.40219.1
Project("{FAE04EC0-301F-11D3-BF4B-00C04F79EFBC}") = "AddressBookManagementApp", "AddressBookManagementApp\AddressBookManagementApp.csproj", "{CFCCFA84-4D95-4824-A931-F6FF420E4069}"
EndProject
Global
	GlobalSection(SolutionConfigurationPlatforms) = preSolution
		Debug|Any CPU = Debug|Any CPU
		Release|Any CPU = Release|Any CPU
	EndGlobalSection
	GlobalSection(ProjectConfigurationPlatforms) = postSolution
		{CFCCFA84-4D95-4824-A931-F6FF420E4069}.Debug|Any CPU.ActiveCfg = Debug|Any CPU
		{CFCCFA84-4D95-4824-A931-F6FF420E4069}.Debug|Any CPU.Build.0 = Debug|Any CPU
		{CFCCFA84-4D95-4824-A931-F6FF420E4069}.Release|Any CPU.ActiveCfg = Release|Any CPU
		{CFCCFA84-4D95-4824-A931-F6FF420E4069}.Release|Any CPU.Build.0 = Release|Any CPU
	EndGlobalSection
	GlobalSection(SolutionProperties) = preSolution
		HideSolutionNode = FALSE
	EndGlobalSection
	GlobalSection(ExtensibilityGlobals) = postSolution
		SolutionGuid = {3EEE1379-5EF7-4EBC-946E-FF9AD49F50A1}
	EndGlobalSection
EndGlobal
